
Microsoft Visual Studio Solution File, Format Version 12.00
# Visual Studio Version 17
VisualStudioVersion = 17.5.33516.290
MinimumVisualStudioVersion = 10.0.40219.1
Project("{FAE04EC0-301F-11D3-BF4B-00C04F79EFBC}") = "RevitAddinTemplate", "RevitAddinTemplate\RevitAddinTemplate.csproj", "{7FE549FC-5E67-42EC-9739-4AC954B2299D}"
EndProject
Project("{54435603-DBB4-11D2-8724-00A0C9A8B90C}") = "RevitAddinTemplate.Setup", "RevitAddinTemplate.Setup\RevitAddinTemplate.Setup.vdproj", "{F6CE9858-A360-40DB-ACC8-0A4D24BE2C41}"
EndProject
Global
	GlobalSection(SolutionConfigurationPlatforms) = preSolution
		Debug|Any CPU = Debug|Any CPU
		Release|Any CPU = Release|Any CPU
	EndGlobalSection
	GlobalSection(ProjectConfigurationPlatforms) = postSolution
		{7FE549FC-5E67-42EC-9739-4AC954B2299D}.Debug|Any CPU.ActiveCfg = Debug|Any CPU
		{7FE549FC-5E67-42EC-9739-4AC954B2299D}.Debug|Any CPU.Build.0 = Debug|Any CPU
		{7FE549FC-5E67-42EC-9739-4AC954B2299D}.Release|Any CPU.ActiveCfg = Release|Any CPU
		{7FE549FC-5E67-42EC-9739-4AC954B2299D}.Release|Any CPU.Build.0 = Release|Any CPU
		{F6CE9858-A360-40DB-ACC8-0A4D24BE2C41}.Debug|Any CPU.ActiveCfg = Debug
		{F6CE9858-A360-40DB-ACC8-0A4D24BE2C41}.Release|Any CPU.ActiveCfg = Release
	EndGlobalSection
	GlobalSection(SolutionProperties) = preSolution
		HideSolutionNode = FALSE
	EndGlobalSection
	GlobalSection(ExtensibilityGlobals) = postSolution
		SolutionGuid = {021849AE-5938-45E5-956C-97174F916920}
	EndGlobalSection
EndGlobal
